
Microsoft Visual Studio Solution File, Format Version 12.00
# Visual Studio Version 16
VisualStudioVersion = 16.0.30907.101
MinimumVisualStudioVersion = 10.0.40219.1
Project("{9A19103F-16F7-4668-BE54-9A1E7A4F7556}") = "DataAccess", "DataAccess\DataAccess.csproj", "{E578DD64-9DED-4E7C-9347-B1250B8C4A8B}"
EndProject
Project("{9A19103F-16F7-4668-BE54-9A1E7A4F7556}") = "Business", "Business\Business.csproj", "{AE165F6D-7905-4A77-A024-8AEB8F615FCD}"
EndProject
Project("{9A19103F-16F7-4668-BE54-9A1E7A4F7556}") = "Entities", "Entities\Entities.csproj", "{5D20B6CE-2802-462E-8B67-17D8AC377DB1}"
EndProject
Project("{9A19103F-16F7-4668-BE54-9A1E7A4F7556}") = "ConsoleUI", "ConsoleUI\ConsoleUI.csproj", "{752C2D61-41BC-463B-A49F-E03D1DBD394E}"
EndProject
Project("{FAE04EC0-301F-11D3-BF4B-00C04F79EFBC}") = "Core", "Core\Core.csproj", "{EDB55B09-2584-4F27-83A4-C1AC1BFB6415}"
EndProject
Global
	GlobalSection(SolutionConfigurationPlatforms) = preSolution
		Debug|Any CPU = Debug|Any CPU
		Release|Any CPU = Release|Any CPU
	EndGlobalSection
	GlobalSection(ProjectConfigurationPlatforms) = postSolution
		{E578DD64-9DED-4E7C-9347-B1250B8C4A8B}.Debug|Any CPU.ActiveCfg = Debug|Any CPU
		{E578DD64-9DED-4E7C-9347-B1250B8C4A8B}.Debug|Any CPU.Build.0 = Debug|Any CPU
		{E578DD64-9DED-4E7C-9347-B1250B8C4A8B}.Release|Any CPU.ActiveCfg = Release|Any CPU
		{E578DD64-9DED-4E7C-9347-B1250B8C4A8B}.Release|Any CPU.Build.0 = Release|Any CPU
		{AE165F6D-7905-4A77-A024-8AEB8F615FCD}.Debug|Any CPU.ActiveCfg = Debug|Any CPU
		{AE165F6D-7905-4A77-A024-8AEB8F615FCD}.Debug|Any CPU.Build.0 = Debug|Any CPU
		{AE165F6D-7905-4A77-A024-8AEB8F615FCD}.Release|Any CPU.ActiveCfg = Release|Any CPU
		{AE165F6D-7905-4A77-A024-8AEB8F615FCD}.Release|Any CPU.Build.0 = Release|Any CPU
		{5D20B6CE-2802-462E-8B67-17D8AC377DB1}.Debug|Any CPU.ActiveCfg = Debug|Any CPU
		{5D20B6CE-2802-462E-8B67-17D8AC377DB1}.Debug|Any CPU.Build.0 = Debug|Any CPU
		{5D20B6CE-2802-462E-8B67-17D8AC377DB1}.Release|Any CPU.ActiveCfg = Release|Any CPU
		{5D20B6CE-2802-462E-8B67-17D8AC377DB1}.Release|Any CPU.Build.0 = Release|Any CPU
		{752C2D61-41BC-463B-A49F-E03D1DBD394E}.Debug|Any CPU.ActiveCfg = Debug|Any CPU
		{752C2D61-41BC-463B-A49F-E03D1DBD394E}.Debug|Any CPU.Build.0 = Debug|Any CPU
		{752C2D61-41BC-463B-A49F-E03D1DBD394E}.Release|Any CPU.ActiveCfg = Release|Any CPU
		{752C2D61-41BC-463B-A49F-E03D1DBD394E}.Release|Any CPU.Build.0 = Release|Any CPU
		{EDB55B09-2584-4F27-83A4-C1AC1BFB6415}.Debug|Any CPU.ActiveCfg = Debug|Any CPU
		{EDB55B09-2584-4F27-83A4-C1AC1BFB6415}.Debug|Any CPU.Build.0 = Debug|Any CPU
		{EDB55B09-2584-4F27-83A4-C1AC1BFB6415}.Release|Any CPU.ActiveCfg = Release|Any CPU
		{EDB55B09-2584-4F27-83A4-C1AC1BFB6415}.Release|Any CPU.Build.0 = Release|Any CPU
	EndGlobalSection
	GlobalSection(SolutionProperties) = preSolution
		HideSolutionNode = FALSE
	EndGlobalSection
	GlobalSection(ExtensibilityGlobals) = postSolution
		SolutionGuid = {D0BDB177-FE54-4D5A-AEAD-D66B79C5F1EE}
	EndGlobalSection
EndGlobal
